{
  "name": "rxp-hello-world",
  "version": "1.0.0",
  "lockfileVersion": 1,
  "requires": true,
  "dependencies": {
    "@types/redux-thunk": {
      "version": "2.1.0",
      "resolved": "http://registry.npmjs.org/@types/redux-thunk/-/redux-thunk-2.1.0.tgz",
      "integrity": "sha1-vCtulylhgxr7gqm/TwZybjUflBY=",
      "requires": {
        "redux-thunk": "2.2.0"
      },
      "dependencies": {
        "redux-thunk": {
          "version": "2.2.0",
          "resolved": "https://registry.npmjs.org/redux-thunk/-/redux-thunk-2.2.0.tgz",
          "integrity": "sha1-5hWhbha0ehmlFXZhM9Hj6Zt4UuU="
        }
      }
    }
  }
}
